
Microsoft Visual Studio Solution File, Format Version 12.00
Project("{FAE04EC0-301F-11D3-BF4B-00C04F79EFBC}") = "Lab1AdditionalTask", "Lab1AdditionalTask\Lab1AdditionalTask.csproj", "{99468195-27CF-4723-BF82-711CEC19DF96}"
EndProject
Global
	GlobalSection(SolutionConfigurationPlatforms) = preSolution
		Debug|Any CPU = Debug|Any CPU
		Release|Any CPU = Release|Any CPU
	EndGlobalSection
	GlobalSection(ProjectConfigurationPlatforms) = postSolution
		{99468195-27CF-4723-BF82-711CEC19DF96}.Debug|Any CPU.ActiveCfg = Debug|Any CPU
		{99468195-27CF-4723-BF82-711CEC19DF96}.Debug|Any CPU.Build.0 = Debug|Any CPU
		{99468195-27CF-4723-BF82-711CEC19DF96}.Release|Any CPU.ActiveCfg = Release|Any CPU
		{99468195-27CF-4723-BF82-711CEC19DF96}.Release|Any CPU.Build.0 = Release|Any CPU
	EndGlobalSection
EndGlobal
